// !$*UTF8*$!
{
	archiveVersion = 1;
	classes = {
	};
	objectVersion = 46;
	objects = {

/* Begin PBXBuildFile section */
		B9377B9D32EB072723C329EF /* Pods_ZCJWB.framework in Frameworks */ = {isa = PBXBuildFile; fileRef = 09C5962C5601D2C67B1B5818 /* Pods_ZCJWB.framework */; };
		F90BDA751D5ABAE300A3989B /* Pods_ZCJWB.framework in Frameworks */ = {isa = PBXBuildFile; fileRef = F90BDA741D5ABAE300A3989B /* Pods_ZCJWB.framework */; };
		F95FBD151D57775C00751407 /* Constraint.swift in Sources */ = {isa = PBXBuildFile; fileRef = F95FBD081D57775C00751407 /* Constraint.swift */; };
		F95FBD161D57775C00751407 /* ConstraintAttributes.swift in Sources */ = {isa = PBXBuildFile; fileRef = F95FBD091D57775C00751407 /* ConstraintAttributes.swift */; };
		F95FBD171D57775C00751407 /* ConstraintDescription.swift in Sources */ = {isa = PBXBuildFile; fileRef = F95FBD0A1D57775C00751407 /* ConstraintDescription.swift */; };
		F95FBD181D57775C00751407 /* ConstraintItem.swift in Sources */ = {isa = PBXBuildFile; fileRef = F95FBD0B1D57775C00751407 /* ConstraintItem.swift */; };
		F95FBD191D57775C00751407 /* ConstraintMaker.swift in Sources */ = {isa = PBXBuildFile; fileRef = F95FBD0C1D57775C00751407 /* ConstraintMaker.swift */; };
		F95FBD1A1D57775C00751407 /* ConstraintRelation.swift in Sources */ = {isa = PBXBuildFile; fileRef = F95FBD0D1D57775C00751407 /* ConstraintRelation.swift */; };
		F95FBD1B1D57775C00751407 /* Debugging.swift in Sources */ = {isa = PBXBuildFile; fileRef = F95FBD0E1D57775C00751407 /* Debugging.swift */; };
		F95FBD1C1D57775C00751407 /* EdgeInsets.swift in Sources */ = {isa = PBXBuildFile; fileRef = F95FBD0F1D57775C00751407 /* EdgeInsets.swift */; };
		F95FBD1D1D57775C00751407 /* LayoutConstraint.swift in Sources */ = {isa = PBXBuildFile; fileRef = F95FBD101D57775C00751407 /* LayoutConstraint.swift */; };
		F95FBD1E1D57775C00751407 /* SnapKit.swift in Sources */ = {isa = PBXBuildFile; fileRef = F95FBD121D57775C00751407 /* SnapKit.swift */; };
		F95FBD1F1D57775C00751407 /* View+SnapKit.swift in Sources */ = {isa = PBXBuildFile; fileRef = F95FBD131D57775C00751407 /* View+SnapKit.swift */; };
		F95FBD201D57775C00751407 /* ViewController+SnapKit.swift in Sources */ = {isa = PBXBuildFile; fileRef = F95FBD141D57775C00751407 /* ViewController+SnapKit.swift */; };
		F974737E1D708F9A00BFE0FF /* ComposeViewController.swift in Sources */ = {isa = PBXBuildFile; fileRef = F97473311D708F9A00BFE0FF /* ComposeViewController.swift */; };
		F974737F1D708F9A00BFE0FF /* DiscoverTableViewController.swift in Sources */ = {isa = PBXBuildFile; fileRef = F97473331D708F9A00BFE0FF /* DiscoverTableViewController.swift */; };
		F97473801D708F9A00BFE0FF /* Animator.swift in Sources */ = {isa = PBXBuildFile; fileRef = F97473361D708F9A00BFE0FF /* Animator.swift */; };
		F97473811D708F9A00BFE0FF /* BrowserPhotoCell.swift in Sources */ = {isa = PBXBuildFile; fileRef = F97473371D708F9A00BFE0FF /* BrowserPhotoCell.swift */; };
		F97473821D708F9A00BFE0FF /* BrowserViewController.swift in Sources */ = {isa = PBXBuildFile; fileRef = F97473381D708F9A00BFE0FF /* BrowserViewController.swift */; };
		F97473831D708F9A00BFE0FF /* HomeTableViewCell.swift in Sources */ = {isa = PBXBuildFile; fileRef = F97473391D708F9A00BFE0FF /* HomeTableViewCell.swift */; };
		F97473841D708F9A00BFE0FF /* HomeTableViewController.swift in Sources */ = {isa = PBXBuildFile; fileRef = F974733A1D708F9A00BFE0FF /* HomeTableViewController.swift */; };
		F97473851D708F9A00BFE0FF /* StatusListModel.swift in Sources */ = {isa = PBXBuildFile; fileRef = F974733C1D708F9A00BFE0FF /* StatusListModel.swift */; };
		F97473861D708F9A00BFE0FF /* StatusViewModel.swift in Sources */ = {isa = PBXBuildFile; fileRef = F974733D1D708F9A00BFE0FF /* StatusViewModel.swift */; };
		F97473871D708F9A00BFE0FF /* WBStatus.swift in Sources */ = {isa = PBXBuildFile; fileRef = F974733E1D708F9A00BFE0FF /* WBStatus.swift */; };
		F97473881D708F9A00BFE0FF /* WBUser.swift in Sources */ = {isa = PBXBuildFile; fileRef = F974733F1D708F9A00BFE0FF /* WBUser.swift */; };
		F97473891D708F9A00BFE0FF /* QRCode.storyboard in Resources */ = {isa = PBXBuildFile; fileRef = F97473411D708F9A00BFE0FF /* QRCode.storyboard */; };
		F974738A1D708F9A00BFE0FF /* QRCodeCreateViewController.swift in Sources */ = {isa = PBXBuildFile; fileRef = F97473421D708F9A00BFE0FF /* QRCodeCreateViewController.swift */; };
		F974738B1D708F9A00BFE0FF /* QRCodeViewController.swift in Sources */ = {isa = PBXBuildFile; fileRef = F97473431D708F9A00BFE0FF /* QRCodeViewController.swift */; };
		F974738C1D708F9A00BFE0FF /* PopoverView.swift in Sources */ = {isa = PBXBuildFile; fileRef = F97473451D708F9A00BFE0FF /* PopoverView.swift */; };
		F974738D1D708F9A00BFE0FF /* ZCJRefreshControl.swift in Sources */ = {isa = PBXBuildFile; fileRef = F97473471D708F9A00BFE0FF /* ZCJRefreshControl.swift */; };
		F974738E1D708F9A00BFE0FF /* WBPicCollectionView.swift in Sources */ = {isa = PBXBuildFile; fileRef = F97473481D708F9A00BFE0FF /* WBPicCollectionView.swift */; };
		F974738F1D708F9A00BFE0FF /* BaseTableViewController.swift in Sources */ = {isa = PBXBuildFile; fileRef = F974734A1D708F9A00BFE0FF /* BaseTableViewController.swift */; };
		F97473901D708F9A00BFE0FF /* MainViewController.swift in Sources */ = {isa = PBXBuildFile; fileRef = F974734B1D708F9A00BFE0FF /* MainViewController.swift */; };
		F97473911D708F9A00BFE0FF /* NavigationController.swift in Sources */ = {isa = PBXBuildFile; fileRef = F974734C1D708F9A00BFE0FF /* NavigationController.swift */; };
		F97473921D708F9A00BFE0FF /* MainVCSettings.json in Resources */ = {isa = PBXBuildFile; fileRef = F974734E1D708F9A00BFE0FF /* MainVCSettings.json */; };
		F97473931D708F9A00BFE0FF /* NullViewController.swift in Sources */ = {isa = PBXBuildFile; fileRef = F974734F1D708F9A00BFE0FF /* NullViewController.swift */; };
		F97473941D708F9A00BFE0FF /* VisitorView.swift in Sources */ = {isa = PBXBuildFile; fileRef = F97473501D708F9A00BFE0FF /* VisitorView.swift */; };
		F97473951D708F9A00BFE0FF /* VisitorView.xib in Resources */ = {isa = PBXBuildFile; fileRef = F97473511D708F9A00BFE0FF /* VisitorView.xib */; };
		F97473961D708F9A00BFE0FF /* MessageTableViewController.swift in Sources */ = {isa = PBXBuildFile; fileRef = F97473531D708F9A00BFE0FF /* MessageTableViewController.swift */; };
		F97473971D708F9A00BFE0FF /* NewFeatureViewController.swift in Sources */ = {isa = PBXBuildFile; fileRef = F97473551D708F9A00BFE0FF /* NewFeatureViewController.swift */; };
		F97473981D708F9A00BFE0FF /* WelcomeViewController.swift in Sources */ = {isa = PBXBuildFile; fileRef = F97473561D708F9A00BFE0FF /* WelcomeViewController.swift */; };
		F97473991D708F9A00BFE0FF /* OAuthViewController.swift in Sources */ = {isa = PBXBuildFile; fileRef = F97473581D708F9A00BFE0FF /* OAuthViewController.swift */; };
		F974739A1D708F9A00BFE0FF /* UserAccount.swift in Sources */ = {isa = PBXBuildFile; fileRef = F97473591D708F9A00BFE0FF /* UserAccount.swift */; };
		F974739B1D708F9A00BFE0FF /* ProfileTableViewController.swift in Sources */ = {isa = PBXBuildFile; fileRef = F974735B1D708F9A00BFE0FF /* ProfileTableViewController.swift */; };
		F974739C1D708F9A00BFE0FF /* Common.swift in Sources */ = {isa = PBXBuildFile; fileRef = F974735D1D708F9A00BFE0FF /* Common.swift */; };
		F974739D1D708F9A00BFE0FF /* NSDate+Extension.swift in Sources */ = {isa = PBXBuildFile; fileRef = F974735F1D708F9A00BFE0FF /* NSDate+Extension.swift */; };
		F974739E1D708F9A00BFE0FF /* String+Extension.swift in Sources */ = {isa = PBXBuildFile; fileRef = F97473601D708F9A00BFE0FF /* String+Extension.swift */; };
		F974739F1D708F9A00BFE0FF /* UIBarButtonItem+Extension.swift in Sources */ = {isa = PBXBuildFile; fileRef = F97473611D708F9A00BFE0FF /* UIBarButtonItem+Extension.swift */; };
		F97473A01D708F9A00BFE0FF /* UIButton+Extension.swift in Sources */ = {isa = PBXBuildFile; fileRef = F97473621D708F9A00BFE0FF /* UIButton+Extension.swift */; };
		F97473A11D708F9A00BFE0FF /* UIImage+Extension.swift in Sources */ = {isa = PBXBuildFile; fileRef = F97473631D708F9A00BFE0FF /* UIImage+Extension.swift */; };
		F97473AB1D708F9A00BFE0FF /* Emoticons.bundle in Resources */ = {isa = PBXBuildFile; fileRef = F97473711D708F9A00BFE0FF /* Emoticons.bundle */; };
		F97473AC1D708F9A00BFE0FF /* EmoticonTextAttachment.swift in Sources */ = {isa = PBXBuildFile; fileRef = F97473721D708F9A00BFE0FF /* EmoticonTextAttachment.swift */; };
		F97473AD1D708F9A00BFE0FF /* KeyboardController.swift in Sources */ = {isa = PBXBuildFile; fileRef = F97473731D708F9A00BFE0FF /* KeyboardController.swift */; };
		F97473AE1D708F9A00BFE0FF /* KeyboardEmotionCell.swift in Sources */ = {isa = PBXBuildFile; fileRef = F97473741D708F9A00BFE0FF /* KeyboardEmotionCell.swift */; };
		F97473AF1D708F9A00BFE0FF /* KeyboardModel.swift in Sources */ = {isa = PBXBuildFile; fileRef = F97473751D708F9A00BFE0FF /* KeyboardModel.swift */; };
		F97473B01D708F9A00BFE0FF /* ToolView.swift in Sources */ = {isa = PBXBuildFile; fileRef = F97473761D708F9A00BFE0FF /* ToolView.swift */; };
		F97473B11D708F9A00BFE0FF /* ToolView.xib in Resources */ = {isa = PBXBuildFile; fileRef = F97473771D708F9A00BFE0FF /* ToolView.xib */; };
		F97473B21D708F9A00BFE0FF /* UITextView+Extension.swift in Sources */ = {isa = PBXBuildFile; fileRef = F97473781D708F9A00BFE0FF /* UITextView+Extension.swift */; };
		F97473B31D708F9A00BFE0FF /* NetworkTools.swift in Sources */ = {isa = PBXBuildFile; fileRef = F97473791D708F9A00BFE0FF /* NetworkTools.swift */; };
		F97473B41D708F9A00BFE0FF /* ProgressImageView.swift in Sources */ = {isa = PBXBuildFile; fileRef = F974737B1D708F9A00BFE0FF /* ProgressImageView.swift */; };
		F97473B51D708F9A00BFE0FF /* ProgressView.swift in Sources */ = {isa = PBXBuildFile; fileRef = F974737C1D708F9A00BFE0FF /* ProgressView.swift */; };
		F97473B61D708F9A00BFE0FF /* TitleButton.swift in Sources */ = {isa = PBXBuildFile; fileRef = F974737D1D708F9A00BFE0FF /* TitleButton.swift */; };
		F97473B81D708FB500BFE0FF /* R.generated.swift in Sources */ = {isa = PBXBuildFile; fileRef = F97473B71D708FB500BFE0FF /* R.generated.swift */; };
		F9991CF91D708DC6000212A9 /* MobileCoreServices.framework in Frameworks */ = {isa = PBXBuildFile; fileRef = F9991CF81D708DC6000212A9 /* MobileCoreServices.framework */; };
		F9D8A0A31D6C1BA100A0E943 /* Assets.xcassets in Resources */ = {isa = PBXBuildFile; fileRef = F9D8A0A21D6C1BA100A0E943 /* Assets.xcassets */; };
		F9DC11C21D708AFB00EC75A3 /* AssetsLibrary.framework in Frameworks */ = {isa = PBXBuildFile; fileRef = F9DC11C11D708AFB00EC75A3 /* AssetsLibrary.framework */; };
		F9E610681D73D7CE00F4133A /* ALAssentModel.swift in Sources */ = {isa = PBXBuildFile; fileRef = F9E6105E1D73D7CE00F4133A /* ALAssentModel.swift */; };
		F9E610691D73D7CE00F4133A /* PhotoLibraryCell.swift in Sources */ = {isa = PBXBuildFile; fileRef = F9E6105F1D73D7CE00F4133A /* PhotoLibraryCell.swift */; };
		F9E6106A1D73D7CE00F4133A /* PhotoViewController.swift in Sources */ = {isa = PBXBuildFile; fileRef = F9E610601D73D7CE00F4133A /* PhotoViewController.swift */; };
		F9E6106B1D73D7CE00F4133A /* PPopoverView.swift in Sources */ = {isa = PBXBuildFile; fileRef = F9E610621D73D7CE00F4133A /* PPopoverView.swift */; };
		F9E6106C1D73D7CE00F4133A /* PPoverTableCell.swift in Sources */ = {isa = PBXBuildFile; fileRef = F9E610631D73D7CE00F4133A /* PPoverTableCell.swift */; };
		F9E6106D1D73D7CE00F4133A /* PreviewAnimator.swift in Sources */ = {isa = PBXBuildFile; fileRef = F9E610651D73D7CE00F4133A /* PreviewAnimator.swift */; };
		F9E6106E1D73D7CE00F4133A /* PreviewCollectionCell.swift in Sources */ = {isa = PBXBuildFile; fileRef = F9E610661D73D7CE00F4133A /* PreviewCollectionCell.swift */; };
		F9E6106F1D73D7CE00F4133A /* PreviewViewController.swift in Sources */ = {isa = PBXBuildFile; fileRef = F9E610671D73D7CE00F4133A /* PreviewViewController.swift */; };
		F9EA2C741D7405BC00D9AAEF /* SelectedPhotoCell.swift in Sources */ = {isa = PBXBuildFile; fileRef = F9EA2C731D7405BC00D9AAEF /* SelectedPhotoCell.swift */; };
		F9FEDB291D51F0C4000D1A37 /* AppDelegate.swift in Sources */ = {isa = PBXBuildFile; fileRef = F9FEDB281D51F0C4000D1A37 /* AppDelegate.swift */; };
		F9FEDB3E1D51F0C4000D1A37 /* ZCJWBTests.swift in Sources */ = {isa = PBXBuildFile; fileRef = F9FEDB3D1D51F0C4000D1A37 /* ZCJWBTests.swift */; };
		F9FEDB491D51F0C4000D1A37 /* ZCJWBUITests.swift in Sources */ = {isa = PBXBuildFile; fileRef = F9FEDB481D51F0C4000D1A37 /* ZCJWBUITests.swift */; };
/* End PBXBuildFile section */

/* Begin PBXContainerItemProxy section */
		F9FEDB3A1D51F0C4000D1A37 /* PBXContainerItemProxy */ = {
			isa = PBXContainerItemProxy;
			containerPortal = F9FEDB1D1D51F0C4000D1A37 /* Project object */;
			proxyType = 1;
			remoteGlobalIDString = F9FEDB241D51F0C4000D1A37;
			remoteInfo = ZCJWB;
		};
		F9FEDB451D51F0C4000D1A37 /* PBXContainerItemProxy */ = {
			isa = PBXContainerItemProxy;
			containerPortal = F9FEDB1D1D51F0C4000D1A37 /* Project object */;
			proxyType = 1;
			remoteGlobalIDString = F9FEDB241D51F0C4000D1A37;
			remoteInfo = ZCJWB;
		};
/* End PBXContainerItemProxy section */

/* Begin PBXFileReference section */
		09C5962C5601D2C67B1B5818 /* Pods_ZCJWB.framework */ = {isa = PBXFileReference; explicitFileType = wrapper.framework; includeInIndex = 0; path = Pods_ZCJWB.framework; sourceTree = BUILT_PRODUCTS_DIR; };
		54FA0F80F7822F6226E63412 /* Pods-ZCJWB.release.xcconfig */ = {isa = PBXFileReference; includeInIndex = 1; lastKnownFileType = text.xcconfig; name = "Pods-ZCJWB.release.xcconfig"; path = "Pods/Target Support Files/Pods-ZCJWB/Pods-ZCJWB.release.xcconfig"; sourceTree = "<group>"; };
		E76F3FDA8F122FDE366340BA /* Pods-ZCJWB.debug.xcconfig */ = {isa = PBXFileReference; includeInIndex = 1; lastKnownFileType = text.xcconfig; name = "Pods-ZCJWB.debug.xcconfig"; path = "Pods/Target Support Files/Pods-ZCJWB/Pods-ZCJWB.debug.xcconfig"; sourceTree = "<group>"; };
		F90BDA741D5ABAE300A3989B /* Pods_ZCJWB.framework */ = {isa = PBXFileReference; lastKnownFileType = wrapper.framework; name = Pods_ZCJWB.framework; path = "Pods/../build/Debug-iphoneos/Pods_ZCJWB.framework"; sourceTree = "<group>"; };
		F95FBD081D57775C00751407 /* Constraint.swift */ = {isa = PBXFileReference; fileEncoding = 4; lastKnownFileType = sourcecode.swift; path = Constraint.swift; sourceTree = "<group>"; };
		F95FBD091D57775C00751407 /* ConstraintAttributes.swift */ = {isa = PBXFileReference; fileEncoding = 4; lastKnownFileType = sourcecode.swift; path = ConstraintAttributes.swift; sourceTree = "<group>"; };
		F95FBD0A1D57775C00751407 /* ConstraintDescription.swift */ = {isa = PBXFileReference; fileEncoding = 4; lastKnownFileType = sourcecode.swift; path = ConstraintDescription.swift; sourceTree = "<group>"; };
		F95FBD0B1D57775C00751407 /* ConstraintItem.swift */ = {isa = PBXFileReference; fileEncoding = 4; lastKnownFileType = sourcecode.swift; path = ConstraintItem.swift; sourceTree = "<group>"; };
		F95FBD0C1D57775C00751407 /* ConstraintMaker.swift */ = {isa = PBXFileReference; fileEncoding = 4; lastKnownFileType = sourcecode.swift; path = ConstraintMaker.swift; sourceTree = "<group>"; };
		F95FBD0D1D57775C00751407 /* ConstraintRelation.swift */ = {isa = PBXFileReference; fileEncoding = 4; lastKnownFileType = sourcecode.swift; path = ConstraintRelation.swift; sourceTree = "<group>"; };
		F95FBD0E1D57775C00751407 /* Debugging.swift */ = {isa = PBXFileReference; fileEncoding = 4; lastKnownFileType = sourcecode.swift; path = Debugging.swift; sourceTree = "<group>"; };
		F95FBD0F1D57775C00751407 /* EdgeInsets.swift */ = {isa = PBXFileReference; fileEncoding = 4; lastKnownFileType = sourcecode.swift; path = EdgeInsets.swift; sourceTree = "<group>"; };
		F95FBD101D57775C00751407 /* LayoutConstraint.swift */ = {isa = PBXFileReference; fileEncoding = 4; lastKnownFileType = sourcecode.swift; path = LayoutConstraint.swift; sourceTree = "<group>"; };
		F95FBD111D57775C00751407 /* SnapKit.h */ = {isa = PBXFileReference; fileEncoding = 4; lastKnownFileType = sourcecode.c.h; path = SnapKit.h; sourceTree = "<group>"; };
		F95FBD121D57775C00751407 /* SnapKit.swift */ = {isa = PBXFileReference; fileEncoding = 4; lastKnownFileType = sourcecode.swift; path = SnapKit.swift; sourceTree = "<group>"; };
		F95FBD131D57775C00751407 /* View+SnapKit.swift */ = {isa = PBXFileReference; fileEncoding = 4; lastKnownFileType = sourcecode.swift; path = "View+SnapKit.swift"; sourceTree = "<group>"; };
		F95FBD141D57775C00751407 /* ViewController+SnapKit.swift */ = {isa = PBXFileReference; fileEncoding = 4; lastKnownFileType = sourcecode.swift; path = "ViewController+SnapKit.swift"; sourceTree = "<group>"; };
		F97473311D708F9A00BFE0FF /* ComposeViewController.swift */ = {isa = PBXFileReference; fileEncoding = 4; lastKnownFileType = sourcecode.swift; path = ComposeViewController.swift; sourceTree = "<group>"; };
		F97473331D708F9A00BFE0FF /* DiscoverTableViewController.swift */ = {isa = PBXFileReference; fileEncoding = 4; lastKnownFileType = sourcecode.swift; path = DiscoverTableViewController.swift; sourceTree = "<group>"; };
		F97473361D708F9A00BFE0FF /* Animator.swift */ = {isa = PBXFileReference; fileEncoding = 4; lastKnownFileType = sourcecode.swift; path = Animator.swift; sourceTree = "<group>"; };
		F97473371D708F9A00BFE0FF /* BrowserPhotoCell.swift */ = {isa = PBXFileReference; fileEncoding = 4; lastKnownFileType = sourcecode.swift; path = BrowserPhotoCell.swift; sourceTree = "<group>"; };
		F97473381D708F9A00BFE0FF /* BrowserViewController.swift */ = {isa = PBXFileReference; fileEncoding = 4; lastKnownFileType = sourcecode.swift; path = BrowserViewController.swift; sourceTree = "<group>"; };
		F97473391D708F9A00BFE0FF /* HomeTableViewCell.swift */ = {isa = PBXFileReference; fileEncoding = 4; lastKnownFileType = sourcecode.swift; path = HomeTableViewCell.swift; sourceTree = "<group>"; };
		F974733A1D708F9A00BFE0FF /* HomeTableViewController.swift */ = {isa = PBXFileReference; fileEncoding = 4; lastKnownFileType = sourcecode.swift; path = HomeTableViewController.swift; sourceTree = "<group>"; };
		F974733C1D708F9A00BFE0FF /* StatusListModel.swift */ = {isa = PBXFileReference; fileEncoding = 4; lastKnownFileType = sourcecode.swift; path = StatusListModel.swift; sourceTree = "<group>"; };
		F974733D1D708F9A00BFE0FF /* StatusViewModel.swift */ = {isa = PBXFileReference; fileEncoding = 4; lastKnownFileType = sourcecode.swift; path = StatusViewModel.swift; sourceTree = "<group>"; };
		F974733E1D708F9A00BFE0FF /* WBStatus.swift */ = {isa = PBXFileReference; fileEncoding = 4; lastKnownFileType = sourcecode.swift; path = WBStatus.swift; sourceTree = "<group>"; };
		F974733F1D708F9A00BFE0FF /* WBUser.swift */ = {isa = PBXFileReference; fileEncoding = 4; lastKnownFileType = sourcecode.swift; path = WBUser.swift; sourceTree = "<group>"; };
		F97473411D708F9A00BFE0FF /* QRCode.storyboard */ = {isa = PBXFileReference; fileEncoding = 4; lastKnownFileType = file.storyboard; path = QRCode.storyboard; sourceTree = "<group>"; };
		F97473421D708F9A00BFE0FF /* QRCodeCreateViewController.swift */ = {isa = PBXFileReference; fileEncoding = 4; lastKnownFileType = sourcecode.swift; path = QRCodeCreateViewController.swift; sourceTree = "<group>"; };
		F97473431D708F9A00BFE0FF /* QRCodeViewController.swift */ = {isa = PBXFileReference; fileEncoding = 4; lastKnownFileType = sourcecode.swift; path = QRCodeViewController.swift; sourceTree = "<group>"; };
		F97473451D708F9A00BFE0FF /* PopoverView.swift */ = {isa = PBXFileReference; fileEncoding = 4; lastKnownFileType = sourcecode.swift; path = PopoverView.swift; sourceTree = "<group>"; };
		F97473471D708F9A00BFE0FF /* ZCJRefreshControl.swift */ = {isa = PBXFileReference; fileEncoding = 4; lastKnownFileType = sourcecode.swift; path = ZCJRefreshControl.swift; sourceTree = "<group>"; };
		F97473481D708F9A00BFE0FF /* WBPicCollectionView.swift */ = {isa = PBXFileReference; fileEncoding = 4; lastKnownFileType = sourcecode.swift; path = WBPicCollectionView.swift; sourceTree = "<group>"; };
		F974734A1D708F9A00BFE0FF /* BaseTableViewController.swift */ = {isa = PBXFileReference; fileEncoding = 4; lastKnownFileType = sourcecode.swift; path = BaseTableViewController.swift; sourceTree = "<group>"; };
		F974734B1D708F9A00BFE0FF /* MainViewController.swift */ = {isa = PBXFileReference; fileEncoding = 4; lastKnownFileType = sourcecode.swift; path = MainViewController.swift; sourceTree = "<group>"; };
		F974734C1D708F9A00BFE0FF /* NavigationController.swift */ = {isa = PBXFileReference; fileEncoding = 4; lastKnownFileType = sourcecode.swift; path = NavigationController.swift; sourceTree = "<group>"; };
		F974734E1D708F9A00BFE0FF /* MainVCSettings.json */ = {isa = PBXFileReference; fileEncoding = 4; lastKnownFileType = text.json; path = MainVCSettings.json; sourceTree = "<group>"; };
		F974734F1D708F9A00BFE0FF /* NullViewController.swift */ = {isa = PBXFileReference; fileEncoding = 4; lastKnownFileType = sourcecode.swift; path = NullViewController.swift; sourceTree = "<group>"; };
		F97473501D708F9A00BFE0FF /* VisitorView.swift */ = {isa = PBXFileReference; fileEncoding = 4; lastKnownFileType = sourcecode.swift; path = VisitorView.swift; sourceTree = "<group>"; };
		F97473511D708F9A00BFE0FF /* VisitorView.xib */ = {isa = PBXFileReference; fileEncoding = 4; lastKnownFileType = file.xib; path = VisitorView.xib; sourceTree = "<group>"; };
		F97473531D708F9A00BFE0FF /* MessageTableViewController.swift */ = {isa = PBXFileReference; fileEncoding = 4; lastKnownFileType = sourcecode.swift; path = MessageTableViewController.swift; sourceTree = "<group>"; };
		F97473551D708F9A00BFE0FF /* NewFeatureViewController.swift */ = {isa = PBXFileReference; fileEncoding = 4; lastKnownFileType = sourcecode.swift; path = NewFeatureViewController.swift; sourceTree = "<group>"; };
		F97473561D708F9A00BFE0FF /* WelcomeViewController.swift */ = {isa = PBXFileReference; fileEncoding = 4; lastKnownFileType = sourcecode.swift; path = WelcomeViewController.swift; sourceTree = "<group>"; };
		F97473581D708F9A00BFE0FF /* OAuthViewController.swift */ = {isa = PBXFileReference; fileEncoding = 4; lastKnownFileType = sourcecode.swift; path = OAuthViewController.swift; sourceTree = "<group>"; };
		F97473591D708F9A00BFE0FF /* UserAccount.swift */ = {isa = PBXFileReference; fileEncoding = 4; lastKnownFileType = sourcecode.swift; path = UserAccount.swift; sourceTree = "<group>"; };
		F974735B1D708F9A00BFE0FF /* ProfileTableViewController.swift */ = {isa = PBXFileReference; fileEncoding = 4; lastKnownFileType = sourcecode.swift; path = ProfileTableViewController.swift; sourceTree = "<group>"; };
		F974735D1D708F9A00BFE0FF /* Common.swift */ = {isa = PBXFileReference; fileEncoding = 4; lastKnownFileType = sourcecode.swift; path = Common.swift; sourceTree = "<group>"; };
		F974735F1D708F9A00BFE0FF /* NSDate+Extension.swift */ = {isa = PBXFileReference; fileEncoding = 4; lastKnownFileType = sourcecode.swift; path = "NSDate+Extension.swift"; sourceTree = "<group>"; };
		F97473601D708F9A00BFE0FF /* String+Extension.swift */ = {isa = PBXFileReference; fileEncoding = 4; lastKnownFileType = sourcecode.swift; path = "String+Extension.swift"; sourceTree = "<group>"; };
		F97473611D708F9A00BFE0FF /* UIBarButtonItem+Extension.swift */ = {isa = PBXFileReference; fileEncoding = 4; lastKnownFileType = sourcecode.swift; path = "UIBarButtonItem+Extension.swift"; sourceTree = "<group>"; };
		F97473621D708F9A00BFE0FF /* UIButton+Extension.swift */ = {isa = PBXFileReference; fileEncoding = 4; lastKnownFileType = sourcecode.swift; path = "UIButton+Extension.swift"; sourceTree = "<group>"; };
		F97473631D708F9A00BFE0FF /* UIImage+Extension.swift */ = {isa = PBXFileReference; fileEncoding = 4; lastKnownFileType = sourcecode.swift; path = "UIImage+Extension.swift"; sourceTree = "<group>"; };
		F97473711D708F9A00BFE0FF /* Emoticons.bundle */ = {isa = PBXFileReference; lastKnownFileType = "wrapper.plug-in"; path = Emoticons.bundle; sourceTree = "<group>"; };
		F97473721D708F9A00BFE0FF /* EmoticonTextAttachment.swift */ = {isa = PBXFileReference; fileEncoding = 4; lastKnownFileType = sourcecode.swift; path = EmoticonTextAttachment.swift; sourceTree = "<group>"; };
		F97473731D708F9A00BFE0FF /* KeyboardController.swift */ = {isa = PBXFileReference; fileEncoding = 4; lastKnownFileType = sourcecode.swift; path = KeyboardController.swift; sourceTree = "<group>"; };
		F97473741D708F9A00BFE0FF /* KeyboardEmotionCell.swift */ = {isa = PBXFileReference; fileEncoding = 4; lastKnownFileType = sourcecode.swift; path = KeyboardEmotionCell.swift; sourceTree = "<group>"; };
		F97473751D708F9A00BFE0FF /* KeyboardModel.swift */ = {isa = PBXFileReference; fileEncoding = 4; lastKnownFileType = sourcecode.swift; path = KeyboardModel.swift; sourceTree = "<group>"; };
		F97473761D708F9A00BFE0FF /* ToolView.swift */ = {isa = PBXFileReference; fileEncoding = 4; lastKnownFileType = sourcecode.swift; path = ToolView.swift; sourceTree = "<group>"; };
		F97473771D708F9A00BFE0FF /* ToolView.xib */ = {isa = PBXFileReference; fileEncoding = 4; lastKnownFileType = file.xib; path = ToolView.xib; sourceTree = "<group>"; };
		F97473781D708F9A00BFE0FF /* UITextView+Extension.swift */ = {isa = PBXFileReference; fileEncoding = 4; lastKnownFileType = sourcecode.swift; path = "UITextView+Extension.swift"; sourceTree = "<group>"; };
		F97473791D708F9A00BFE0FF /* NetworkTools.swift */ = {isa = PBXFileReference; fileEncoding = 4; lastKnownFileType = sourcecode.swift; path = NetworkTools.swift; sourceTree = "<group>"; };
		F974737B1D708F9A00BFE0FF /* ProgressImageView.swift */ = {isa = PBXFileReference; fileEncoding = 4; lastKnownFileType = sourcecode.swift; path = ProgressImageView.swift; sourceTree = "<group>"; };
		F974737C1D708F9A00BFE0FF /* ProgressView.swift */ = {isa = PBXFileReference; fileEncoding = 4; lastKnownFileType = sourcecode.swift; path = ProgressView.swift; sourceTree = "<group>"; };
		F974737D1D708F9A00BFE0FF /* TitleButton.swift */ = {isa = PBXFileReference; fileEncoding = 4; lastKnownFileType = sourcecode.swift; path = TitleButton.swift; sourceTree = "<group>"; };
		F97473B71D708FB500BFE0FF /* R.generated.swift */ = {isa = PBXFileReference; fileEncoding = 4; lastKnownFileType = sourcecode.swift; path = R.generated.swift; sourceTree = SOURCE_ROOT; };
		F9991CF81D708DC6000212A9 /* MobileCoreServices.framework */ = {isa = PBXFileReference; lastKnownFileType = wrapper.framework; name = MobileCoreServices.framework; path = System/Library/Frameworks/MobileCoreServices.framework; sourceTree = SDKROOT; };
		F9B902561D571B9700A031EF /* ZCJWB-Bridging-Header.h */ = {isa = PBXFileReference; lastKnownFileType = sourcecode.c.h; path = "ZCJWB-Bridging-Header.h"; sourceTree = "<group>"; };
		F9D8A0A21D6C1BA100A0E943 /* Assets.xcassets */ = {isa = PBXFileReference; lastKnownFileType = folder.assetcatalog; path = Assets.xcassets; sourceTree = "<group>"; };
		F9DC11C11D708AFB00EC75A3 /* AssetsLibrary.framework */ = {isa = PBXFileReference; lastKnownFileType = wrapper.framework; name = AssetsLibrary.framework; path = System/Library/Frameworks/AssetsLibrary.framework; sourceTree = SDKROOT; };
		F9E6105E1D73D7CE00F4133A /* ALAssentModel.swift */ = {isa = PBXFileReference; fileEncoding = 4; lastKnownFileType = sourcecode.swift; path = ALAssentModel.swift; sourceTree = "<group>"; };
		F9E6105F1D73D7CE00F4133A /* PhotoLibraryCell.swift */ = {isa = PBXFileReference; fileEncoding = 4; lastKnownFileType = sourcecode.swift; path = PhotoLibraryCell.swift; sourceTree = "<group>"; };
		F9E610601D73D7CE00F4133A /* PhotoViewController.swift */ = {isa = PBXFileReference; fileEncoding = 4; lastKnownFileType = sourcecode.swift; path = PhotoViewController.swift; sourceTree = "<group>"; };
		F9E610621D73D7CE00F4133A /* PPopoverView.swift */ = {isa = PBXFileReference; fileEncoding = 4; lastKnownFileType = sourcecode.swift; path = PPopoverView.swift; sourceTree = "<group>"; };
		F9E610631D73D7CE00F4133A /* PPoverTableCell.swift */ = {isa = PBXFileReference; fileEncoding = 4; lastKnownFileType = sourcecode.swift; path = PPoverTableCell.swift; sourceTree = "<group>"; };
		F9E610651D73D7CE00F4133A /* PreviewAnimator.swift */ = {isa = PBXFileReference; fileEncoding = 4; lastKnownFileType = sourcecode.swift; path = PreviewAnimator.swift; sourceTree = "<group>"; };
		F9E610661D73D7CE00F4133A /* PreviewCollectionCell.swift */ = {isa = PBXFileReference; fileEncoding = 4; lastKnownFileType = sourcecode.swift; path = PreviewCollectionCell.swift; sourceTree = "<group>"; };
		F9E610671D73D7CE00F4133A /* PreviewViewController.swift */ = {isa = PBXFileReference; fileEncoding = 4; lastKnownFileType = sourcecode.swift; path = PreviewViewController.swift; sourceTree = "<group>"; };
		F9EA2C731D7405BC00D9AAEF /* SelectedPhotoCell.swift */ = {isa = PBXFileReference; fileEncoding = 4; lastKnownFileType = sourcecode.swift; path = SelectedPhotoCell.swift; sourceTree = "<group>"; };
		F9FEDB251D51F0C4000D1A37 /* ZCJWB.app */ = {isa = PBXFileReference; explicitFileType = wrapper.application; includeInIndex = 0; path = ZCJWB.app; sourceTree = BUILT_PRODUCTS_DIR; };
		F9FEDB281D51F0C4000D1A37 /* AppDelegate.swift */ = {isa = PBXFileReference; lastKnownFileType = sourcecode.swift; path = AppDelegate.swift; sourceTree = "<group>"; };
		F9FEDB341D51F0C4000D1A37 /* Info.plist */ = {isa = PBXFileReference; lastKnownFileType = text.plist.xml; path = Info.plist; sourceTree = "<group>"; };
		F9FEDB391D51F0C4000D1A37 /* ZCJWBTests.xctest */ = {isa = PBXFileReference; explicitFileType = wrapper.cfbundle; includeInIndex = 0; path = ZCJWBTests.xctest; sourceTree = BUILT_PRODUCTS_DIR; };
		F9FEDB3D1D51F0C4000D1A37 /* ZCJWBTests.swift */ = {isa = PBXFileReference; lastKnownFileType = sourcecode.swift; path = ZCJWBTests.swift; sourceTree = "<group>"; };
		F9FEDB3F1D51F0C4000D1A37 /* Info.plist */ = {isa = PBXFileReference; lastKnownFileType = text.plist.xml; path = Info.plist; sourceTree = "<group>"; };
		F9FEDB441D51F0C4000D1A37 /* ZCJWBUITests.xctest */ = {isa = PBXFileReference; explicitFileType = wrapper.cfbundle; includeInIndex = 0; path = ZCJWBUITests.xctest; sourceTree = BUILT_PRODUCTS_DIR; };
		F9FEDB481D51F0C4000D1A37 /* ZCJWBUITests.swift */ = {isa = PBXFileReference; lastKnownFileType = sourcecode.swift; path = ZCJWBUITests.swift; sourceTree = "<group>"; };
		F9FEDB4A1D51F0C4000D1A37 /* Info.plist */ = {isa = PBXFileReference; lastKnownFileType = text.plist.xml; path = Info.plist; sourceTree = "<group>"; };
/* End PBXFileReference section */

/* Begin PBXFrameworksBuildPhase section */
		F9FEDB221D51F0C4000D1A37 /* Frameworks */ = {
			isa = PBXFrameworksBuildPhase;
			buildActionMask = 2147483647;
			files = (
				F9991CF91D708DC6000212A9 /* MobileCoreServices.framework in Frameworks */,
				F9DC11C21D708AFB00EC75A3 /* AssetsLibrary.framework in Frameworks */,
				F90BDA751D5ABAE300A3989B /* Pods_ZCJWB.framework in Frameworks */,
				B9377B9D32EB072723C329EF /* Pods_ZCJWB.framework in Frameworks */,
			);
			runOnlyForDeploymentPostprocessing = 0;
		};
		F9FEDB361D51F0C4000D1A37 /* Frameworks */ = {
			isa = PBXFrameworksBuildPhase;
			buildActionMask = 2147483647;
			files = (
			);
			runOnlyForDeploymentPostprocessing = 0;
		};
		F9FEDB411D51F0C4000D1A37 /* Frameworks */ = {
			isa = PBXFrameworksBuildPhase;
			buildActionMask = 2147483647;
			files = (
			);
			runOnlyForDeploymentPostprocessing = 0;
		};
/* End PBXFrameworksBuildPhase section */

/* Begin PBXGroup section */
		6993A0B52CA72149D7E8EA64 /* Pods */ = {
			isa = PBXGroup;
			children = (
				E76F3FDA8F122FDE366340BA /* Pods-ZCJWB.debug.xcconfig */,
				54FA0F80F7822F6226E63412 /* Pods-ZCJWB.release.xcconfig */,
			);
			name = Pods;
			sourceTree = "<group>";
		};
		94E9F1FC489C3A010B9CE326 /* Frameworks */ = {
			isa = PBXGroup;
			children = (
				F9991CF81D708DC6000212A9 /* MobileCoreServices.framework */,
				F9DC11C11D708AFB00EC75A3 /* AssetsLibrary.framework */,
				F90BDA741D5ABAE300A3989B /* Pods_ZCJWB.framework */,
				09C5962C5601D2C67B1B5818 /* Pods_ZCJWB.framework */,
			);
			name = Frameworks;
			sourceTree = "<group>";
		};
		F95FBD071D57775C00751407 /* SnapKit */ = {
			isa = PBXGroup;
			children = (
				F95FBD081D57775C00751407 /* Constraint.swift */,
				F95FBD091D57775C00751407 /* ConstraintAttributes.swift */,
				F95FBD0A1D57775C00751407 /* ConstraintDescription.swift */,
				F95FBD0B1D57775C00751407 /* ConstraintItem.swift */,
				F95FBD0C1D57775C00751407 /* ConstraintMaker.swift */,
				F95FBD0D1D57775C00751407 /* ConstraintRelation.swift */,
				F95FBD0E1D57775C00751407 /* Debugging.swift */,
				F95FBD0F1D57775C00751407 /* EdgeInsets.swift */,
				F95FBD101D57775C00751407 /* LayoutConstraint.swift */,
				F95FBD111D57775C00751407 /* SnapKit.h */,
				F95FBD121D57775C00751407 /* SnapKit.swift */,
				F95FBD131D57775C00751407 /* View+SnapKit.swift */,
				F95FBD141D57775C00751407 /* ViewController+SnapKit.swift */,
			);
			path = SnapKit;
			sourceTree = "<group>";
		};
		F974732F1D708F9A00BFE0FF /* Class */ = {
			isa = PBXGroup;
			children = (
				F97473301D708F9A00BFE0FF /* Compose */,
				F97473321D708F9A00BFE0FF /* Discover */,
				F97473341D708F9A00BFE0FF /* Home */,
				F97473491D708F9A00BFE0FF /* Main */,
				F97473521D708F9A00BFE0FF /* Message */,
				F97473541D708F9A00BFE0FF /* NewFeature */,
				F97473571D708F9A00BFE0FF /* OAuth */,
				F974735A1D708F9A00BFE0FF /* Profile */,
				F974735C1D708F9A00BFE0FF /* Tools */,
			);
			path = Class;
			sourceTree = "<group>";
		};
		F97473301D708F9A00BFE0FF /* Compose */ = {
			isa = PBXGroup;
			children = (
				F97473311D708F9A00BFE0FF /* ComposeViewController.swift */,
				F9EA2C731D7405BC00D9AAEF /* SelectedPhotoCell.swift */,
			);
			path = Compose;
			sourceTree = "<group>";
		};
		F97473321D708F9A00BFE0FF /* Discover */ = {
			isa = PBXGroup;
			children = (
				F97473331D708F9A00BFE0FF /* DiscoverTableViewController.swift */,
			);
			path = Discover;
			sourceTree = "<group>";
		};
		F97473341D708F9A00BFE0FF /* Home */ = {
			isa = PBXGroup;
			children = (
				F97473351D708F9A00BFE0FF /* Browser */,
				F974733B1D708F9A00BFE0FF /* Model */,
				F97473401D708F9A00BFE0FF /* ORCode */,
				F97473441D708F9A00BFE0FF /* Popover */,
				F97473461D708F9A00BFE0FF /* Refresh */,
				F974733A1D708F9A00BFE0FF /* HomeTableViewController.swift */,
				F97473391D708F9A00BFE0FF /* HomeTableViewCell.swift */,
				F97473481D708F9A00BFE0FF /* WBPicCollectionView.swift */,
			);
			path = Home;
			sourceTree = "<group>";
		};
		F97473351D708F9A00BFE0FF /* Browser */ = {
			isa = PBXGroup;
			children = (
				F97473361D708F9A00BFE0FF /* Animator.swift */,
				F97473371D708F9A00BFE0FF /* BrowserPhotoCell.swift */,
				F97473381D708F9A00BFE0FF /* BrowserViewController.swift */,
			);
			path = Browser;
			sourceTree = "<group>";
		};
		F974733B1D708F9A00BFE0FF /* Model */ = {
			isa = PBXGroup;
			children = (
				F974733C1D708F9A00BFE0FF /* StatusListModel.swift */,
				F974733D1D708F9A00BFE0FF /* StatusViewModel.swift */,
				F974733E1D708F9A00BFE0FF /* WBStatus.swift */,
				F974733F1D708F9A00BFE0FF /* WBUser.swift */,
			);
			path = Model;
			sourceTree = "<group>";
		};
		F97473401D708F9A00BFE0FF /* ORCode */ = {
			isa = PBXGroup;
			children = (
				F97473411D708F9A00BFE0FF /* QRCode.storyboard */,
				F97473421D708F9A00BFE0FF /* QRCodeCreateViewController.swift */,
				F97473431D708F9A00BFE0FF /* QRCodeViewController.swift */,
			);
			path = ORCode;
			sourceTree = "<group>";
		};
		F97473441D708F9A00BFE0FF /* Popover */ = {
			isa = PBXGroup;
			children = (
				F97473451D708F9A00BFE0FF /* PopoverView.swift */,
			);
			path = Popover;
			sourceTree = "<group>";
		};
		F97473461D708F9A00BFE0FF /* Refresh */ = {
			isa = PBXGroup;
			children = (
				F97473471D708F9A00BFE0FF /* ZCJRefreshControl.swift */,
			);
			path = Refresh;
			sourceTree = "<group>";
		};
		F97473491D708F9A00BFE0FF /* Main */ = {
			isa = PBXGroup;
			children = (
				F974734D1D708F9A00BFE0FF /* Resource */,
				F974734A1D708F9A00BFE0FF /* BaseTableViewController.swift */,
				F974734B1D708F9A00BFE0FF /* MainViewController.swift */,
				F974734C1D708F9A00BFE0FF /* NavigationController.swift */,
				F97473501D708F9A00BFE0FF /* VisitorView.swift */,
				F97473511D708F9A00BFE0FF /* VisitorView.xib */,
			);
			path = Main;
			sourceTree = "<group>";
		};
		F974734D1D708F9A00BFE0FF /* Resource */ = {
			isa = PBXGroup;
			children = (
				F974734E1D708F9A00BFE0FF /* MainVCSettings.json */,
				F974734F1D708F9A00BFE0FF /* NullViewController.swift */,
			);
			path = Resource;
			sourceTree = "<group>";
		};
		F97473521D708F9A00BFE0FF /* Message */ = {
			isa = PBXGroup;
			children = (
				F97473531D708F9A00BFE0FF /* MessageTableViewController.swift */,
			);
			path = Message;
			sourceTree = "<group>";
		};
		F97473541D708F9A00BFE0FF /* NewFeature */ = {
			isa = PBXGroup;
			children = (
				F97473551D708F9A00BFE0FF /* NewFeatureViewController.swift */,
				F97473561D708F9A00BFE0FF /* WelcomeViewController.swift */,
			);
			path = NewFeature;
			sourceTree = "<group>";
		};
		F97473571D708F9A00BFE0FF /* OAuth */ = {
			isa = PBXGroup;
			children = (
				F97473581D708F9A00BFE0FF /* OAuthViewController.swift */,
				F97473591D708F9A00BFE0FF /* UserAccount.swift */,
			);
			path = OAuth;
			sourceTree = "<group>";
		};
		F974735A1D708F9A00BFE0FF /* Profile */ = {
			isa = PBXGroup;
			children = (
				F974735B1D708F9A00BFE0FF /* ProfileTableViewController.swift */,
			);
			path = Profile;
			sourceTree = "<group>";
		};
		F974735C1D708F9A00BFE0FF /* Tools */ = {
			isa = PBXGroup;
			children = (
				F9E6105D1D73D7CE00F4133A /* ImagePicker */,
				F974737A1D708F9A00BFE0FF /* Progress */,
				F974735E1D708F9A00BFE0FF /* Extension */,
				F97473701D708F9A00BFE0FF /* KeyboardEmotion */,
				F97473B71D708FB500BFE0FF /* R.generated.swift */,
				F974735D1D708F9A00BFE0FF /* Common.swift */,
				F97473791D708F9A00BFE0FF /* NetworkTools.swift */,
				F974737D1D708F9A00BFE0FF /* TitleButton.swift */,
			);
			path = Tools;
			sourceTree = "<group>";
		};
		F974735E1D708F9A00BFE0FF /* Extension */ = {
			isa = PBXGroup;
			children = (
				F974735F1D708F9A00BFE0FF /* NSDate+Extension.swift */,
				F97473601D708F9A00BFE0FF /* String+Extension.swift */,
				F97473611D708F9A00BFE0FF /* UIBarButtonItem+Extension.swift */,
				F97473621D708F9A00BFE0FF /* UIButton+Extension.swift */,
				F97473631D708F9A00BFE0FF /* UIImage+Extension.swift */,
			);
			path = Extension;
			sourceTree = "<group>";
		};
		F97473701D708F9A00BFE0FF /* KeyboardEmotion */ = {
			isa = PBXGroup;
			children = (
				F97473711D708F9A00BFE0FF /* Emoticons.bundle */,
				F97473721D708F9A00BFE0FF /* EmoticonTextAttachment.swift */,
				F97473731D708F9A00BFE0FF /* KeyboardController.swift */,
				F97473741D708F9A00BFE0FF /* KeyboardEmotionCell.swift */,
				F97473751D708F9A00BFE0FF /* KeyboardModel.swift */,
				F97473761D708F9A00BFE0FF /* ToolView.swift */,
				F97473771D708F9A00BFE0FF /* ToolView.xib */,
				F97473781D708F9A00BFE0FF /* UITextView+Extension.swift */,
			);
			path = KeyboardEmotion;
			sourceTree = "<group>";
		};
		F974737A1D708F9A00BFE0FF /* Progress */ = {
			isa = PBXGroup;
			children = (
				F974737B1D708F9A00BFE0FF /* ProgressImageView.swift */,
				F974737C1D708F9A00BFE0FF /* ProgressView.swift */,
			);
			path = Progress;
			sourceTree = "<group>";
		};
		F9E6105D1D73D7CE00F4133A /* ImagePicker */ = {
			isa = PBXGroup;
			children = (
				F9E610611D73D7CE00F4133A /* Popover */,
				F9E610641D73D7CE00F4133A /* Preview */,
				F9E6105E1D73D7CE00F4133A /* ALAssentModel.swift */,
				F9E6105F1D73D7CE00F4133A /* PhotoLibraryCell.swift */,
				F9E610601D73D7CE00F4133A /* PhotoViewController.swift */,
			);
			path = ImagePicker;
			sourceTree = "<group>";
		};
		F9E610611D73D7CE00F4133A /* Popover */ = {
			isa = PBXGroup;
			children = (
				F9E610621D73D7CE00F4133A /* PPopoverView.swift */,
				F9E610631D73D7CE00F4133A /* PPoverTableCell.swift */,
			);
			path = Popover;
			sourceTree = "<group>";
		};
		F9E610641D73D7CE00F4133A /* Preview */ = {
			isa = PBXGroup;
			children = (
				F9E610651D73D7CE00F4133A /* PreviewAnimator.swift */,
				F9E610661D73D7CE00F4133A /* PreviewCollectionCell.swift */,
				F9E610671D73D7CE00F4133A /* PreviewViewController.swift */,
			);
			path = Preview;
			sourceTree = "<group>";
		};
		F9FEDB1C1D51F0C4000D1A37 = {
			isa = PBXGroup;
			children = (
				F9FEDB271D51F0C4000D1A37 /* ZCJWB */,
				F9FEDB3C1D51F0C4000D1A37 /* ZCJWBTests */,
				F9FEDB471D51F0C4000D1A37 /* ZCJWBUITests */,
				F9FEDB261D51F0C4000D1A37 /* Products */,
				6993A0B52CA72149D7E8EA64 /* Pods */,
				94E9F1FC489C3A010B9CE326 /* Frameworks */,
			);
			sourceTree = "<group>";
		};
		F9FEDB261D51F0C4000D1A37 /* Products */ = {
			isa = PBXGroup;
			children = (
				F9FEDB251D51F0C4000D1A37 /* ZCJWB.app */,
				F9FEDB391D51F0C4000D1A37 /* ZCJWBTests.xctest */,
				F9FEDB441D51F0C4000D1A37 /* ZCJWBUITests.xctest */,
			);
			name = Products;
			sourceTree = "<group>";
		};
		F9FEDB271D51F0C4000D1A37 /* ZCJWB */ = {
			isa = PBXGroup;
			children = (
				F95FBD071D57775C00751407 /* SnapKit */,
				F974732F1D708F9A00BFE0FF /* Class */,
				F9FEDB281D51F0C4000D1A37 /* AppDelegate.swift */,
				F9D8A0A21D6C1BA100A0E943 /* Assets.xcassets */,
				F9FEDB341D51F0C4000D1A37 /* Info.plist */,
				F9B902561D571B9700A031EF /* ZCJWB-Bridging-Header.h */,
			);
			path = ZCJWB;
			sourceTree = "<group>";
		};
		F9FEDB3C1D51F0C4000D1A37 /* ZCJWBTests */ = {
			isa = PBXGroup;
			children = (
				F9FEDB3D1D51F0C4000D1A37 /* ZCJWBTests.swift */,
				F9FEDB3F1D51F0C4000D1A37 /* Info.plist */,
			);
			path = ZCJWBTests;
			sourceTree = "<group>";
		};
		F9FEDB471D51F0C4000D1A37 /* ZCJWBUITests */ = {
			isa = PBXGroup;
			children = (
				F9FEDB481D51F0C4000D1A37 /* ZCJWBUITests.swift */,
				F9FEDB4A1D51F0C4000D1A37 /* Info.plist */,
			);
			path = ZCJWBUITests;
			sourceTree = "<group>";
		};
/* End PBXGroup section */

/* Begin PBXNativeTarget section */
		F9FEDB241D51F0C4000D1A37 /* ZCJWB */ = {
			isa = PBXNativeTarget;
			buildConfigurationList = F9FEDB4D1D51F0C4000D1A37 /* Build configuration list for PBXNativeTarget "ZCJWB" */;
			buildPhases = (
				807074BF6A153F39EBA92B8C /* [CP] Check Pods Manifest.lock */,
				F9FEDB211D51F0C4000D1A37 /* Sources */,
				F9FEDB221D51F0C4000D1A37 /* Frameworks */,
				F9FEDB231D51F0C4000D1A37 /* Resources */,
				8366B4C00DEA9907B8883636 /* [CP] Embed Pods Frameworks */,
				3D9306B04E248A5D3501BBE0 /* [CP] Copy Pods Resources */,
				F91D46221D5DE22A004AA608 /* Run Script */,
			);
			buildRules = (
			);
			dependencies = (
			);
			name = ZCJWB;
			productName = ZCJWB;
			productReference = F9FEDB251D51F0C4000D1A37 /* ZCJWB.app */;
			productType = "com.apple.product-type.application";
		};
		F9FEDB381D51F0C4000D1A37 /* ZCJWBTests */ = {
			isa = PBXNativeTarget;
			buildConfigurationList = F9FEDB501D51F0C4000D1A37 /* Build configuration list for PBXNativeTarget "ZCJWBTests" */;
			buildPhases = (
				F9FEDB351D51F0C4000D1A37 /* Sources */,
				F9FEDB361D51F0C4000D1A37 /* Frameworks */,
				F9FEDB371D51F0C4000D1A37 /* Resources */,
			);
			buildRules = (
			);
			dependencies = (
				F9FEDB3B1D51F0C4000D1A37 /* PBXTargetDependency */,
			);
			name = ZCJWBTests;
			productName = ZCJWBTests;
			productReference = F9FEDB391D51F0C4000D1A37 /* ZCJWBTests.xctest */;
			productType = "com.apple.product-type.bundle.unit-test";
		};
		F9FEDB431D51F0C4000D1A37 /* ZCJWBUITests */ = {
			isa = PBXNativeTarget;
			buildConfigurationList = F9FEDB531D51F0C4000D1A37 /* Build configuration list for PBXNativeTarget "ZCJWBUITests" */;
			buildPhases = (
				F9FEDB401D51F0C4000D1A37 /* Sources */,
				F9FEDB411D51F0C4000D1A37 /* Frameworks */,
				F9FEDB421D51F0C4000D1A37 /* Resources */,
			);
			buildRules = (
			);
			dependencies = (
				F9FEDB461D51F0C4000D1A37 /* PBXTargetDependency */,
			);
			name = ZCJWBUITests;
			productName = ZCJWBUITests;
			productReference = F9FEDB441D51F0C4000D1A37 /* ZCJWBUITests.xctest */;
			productType = "com.apple.product-type.bundle.ui-testing";
		};
/* End PBXNativeTarget section */

/* Begin PBXProject section */
		F9FEDB1D1D51F0C4000D1A37 /* Project object */ = {
			isa = PBXProject;
			attributes = {
				LastSwiftUpdateCheck = 0720;
				LastUpgradeCheck = 0720;
				ORGANIZATIONNAME = zhoucj;
				TargetAttributes = {
					F9FEDB241D51F0C4000D1A37 = {
						CreatedOnToolsVersion = 7.2.1;
						DevelopmentTeam = WKD3MS5PU8;
					};
					F9FEDB381D51F0C4000D1A37 = {
						CreatedOnToolsVersion = 7.2.1;
						DevelopmentTeam = WKD3MS5PU8;
						TestTargetID = F9FEDB241D51F0C4000D1A37;
					};
					F9FEDB431D51F0C4000D1A37 = {
						CreatedOnToolsVersion = 7.2.1;
						DevelopmentTeam = WKD3MS5PU8;
						TestTargetID = F9FEDB241D51F0C4000D1A37;
					};
				};
			};
			buildConfigurationList = F9FEDB201D51F0C4000D1A37 /* Build configuration list for PBXProject "ZCJWB" */;
			compatibilityVersion = "Xcode 3.2";
			developmentRegion = English;
			hasScannedForEncodings = 0;
			knownRegions = (
				en,
				Base,
			);
			mainGroup = F9FEDB1C1D51F0C4000D1A37;
			productRefGroup = F9FEDB261D51F0C4000D1A37 /* Products */;
			projectDirPath = "";
			projectRoot = "";
			targets = (
				F9FEDB241D51F0C4000D1A37 /* ZCJWB */,
				F9FEDB381D51F0C4000D1A37 /* ZCJWBTests */,
				F9FEDB431D51F0C4000D1A37 /* ZCJWBUITests */,
			);
		};
/* End PBXProject section */

/* Begin PBXResourcesBuildPhase section */
		F9FEDB231D51F0C4000D1A37 /* Resources */ = {
			isa = PBXResourcesBuildPhase;
			buildActionMask = 2147483647;
			files = (
				F97473891D708F9A00BFE0FF /* QRCode.storyboard in Resources */,
				F9D8A0A31D6C1BA100A0E943 /* Assets.xcassets in Resources */,
				F97473921D708F9A00BFE0FF /* MainVCSettings.json in Resources */,
				F97473951D708F9A00BFE0FF /* VisitorView.xib in Resources */,
				F97473B11D708F9A00BFE0FF /* ToolView.xib in Resources */,
				F97473AB1D708F9A00BFE0FF /* Emoticons.bundle in Resources */,
			);
			runOnlyForDeploymentPostprocessing = 0;
		};
		F9FEDB371D51F0C4000D1A37 /* Resources */ = {
			isa = PBXResourcesBuildPhase;
			buildActionMask = 2147483647;
			files = (
			);
			runOnlyForDeploymentPostprocessing = 0;
		};
		F9FEDB421D51F0C4000D1A37 /* Resources */ = {
			isa = PBXResourcesBuildPhase;
			buildActionMask = 2147483647;
			files = (
			);
			runOnlyForDeploymentPostprocessing = 0;
		};
/* End PBXResourcesBuildPhase section */

/* Begin PBXShellScriptBuildPhase section */
		3D9306B04E248A5D3501BBE0 /* [CP] Copy Pods Resources */ = {
			isa = PBXShellScriptBuildPhase;
			buildActionMask = 2147483647;
			files = (
			);
			inputPaths = (
			);
			name = "[CP] Copy Pods Resources";
			outputPaths = (
			);
			runOnlyForDeploymentPostprocessing = 0;
			shellPath = /bin/sh;
			shellScript = "\"${SRCROOT}/Pods/Target Support Files/Pods-ZCJWB/Pods-ZCJWB-resources.sh\"\n";
			showEnvVarsInLog = 0;
		};
		807074BF6A153F39EBA92B8C /* [CP] Check Pods Manifest.lock */ = {
			isa = PBXShellScriptBuildPhase;
			buildActionMask = 2147483647;
			files = (
			);
			inputPaths = (
			);
			name = "[CP] Check Pods Manifest.lock";
			outputPaths = (
			);
			runOnlyForDeploymentPostprocessing = 0;
			shellPath = /bin/sh;
			shellScript = "diff \"${PODS_ROOT}/../Podfile.lock\" \"${PODS_ROOT}/Manifest.lock\" > /dev/null\nif [ $? != 0 ] ; then\n    # print error to STDERR\n    echo \"error: The sandbox is not in sync with the Podfile.lock. Run 'pod install' or update your CocoaPods installation.\" >&2\n    exit 1\nfi\n";
			showEnvVarsInLog = 0;
		};
		8366B4C00DEA9907B8883636 /* [CP] Embed Pods Frameworks */ = {
			isa = PBXShellScriptBuildPhase;
			buildActionMask = 2147483647;
			files = (
			);
			inputPaths = (
			);
			name = "[CP] Embed Pods Frameworks";
			outputPaths = (
			);
			runOnlyForDeploymentPostprocessing = 0;
			shellPath = /bin/sh;
			shellScript = "\"${SRCROOT}/Pods/Target Support Files/Pods-ZCJWB/Pods-ZCJWB-frameworks.sh\"\n";
			showEnvVarsInLog = 0;
		};
		F91D46221D5DE22A004AA608 /* Run Script */ = {
			isa = PBXShellScriptBuildPhase;
			buildActionMask = 2147483647;
			files = (
			);
			inputPaths = (
			);
			name = "Run Script";
			outputPaths = (
			);
			runOnlyForDeploymentPostprocessing = 0;
			shellPath = /bin/sh;
			shellScript = "\"$PODS_ROOT/R.swift/rswift\" \"$SRCROOT\"";
		};
/* End PBXShellScriptBuildPhase section */

/* Begin PBXSourcesBuildPhase section */
		F9FEDB211D51F0C4000D1A37 /* Sources */ = {
			isa = PBXSourcesBuildPhase;
			buildActionMask = 2147483647;
			files = (
				F95FBD1D1D57775C00751407 /* LayoutConstraint.swift in Sources */,
				F9E6106D1D73D7CE00F4133A /* PreviewAnimator.swift in Sources */,
				F97473821D708F9A00BFE0FF /* BrowserViewController.swift in Sources */,
				F974738B1D708F9A00BFE0FF /* QRCodeViewController.swift in Sources */,
				F95FBD151D57775C00751407 /* Constraint.swift in Sources */,
				F95FBD1F1D57775C00751407 /* View+SnapKit.swift in Sources */,
				F974739A1D708F9A00BFE0FF /* UserAccount.swift in Sources */,
				F974739D1D708F9A00BFE0FF /* NSDate+Extension.swift in Sources */,
				F974739B1D708F9A00BFE0FF /* ProfileTableViewController.swift in Sources */,
				F97473841D708F9A00BFE0FF /* HomeTableViewController.swift in Sources */,
				F97473A11D708F9A00BFE0FF /* UIImage+Extension.swift in Sources */,
				F9FEDB291D51F0C4000D1A37 /* AppDelegate.swift in Sources */,
				F97473801D708F9A00BFE0FF /* Animator.swift in Sources */,
				F97473831D708F9A00BFE0FF /* HomeTableViewCell.swift in Sources */,
				F974739C1D708F9A00BFE0FF /* Common.swift in Sources */,
				F9E6106C1D73D7CE00F4133A /* PPoverTableCell.swift in Sources */,
				F9E6106B1D73D7CE00F4133A /* PPopoverView.swift in Sources */,
				F97473911D708F9A00BFE0FF /* NavigationController.swift in Sources */,
				F97473971D708F9A00BFE0FF /* NewFeatureViewController.swift in Sources */,
				F97473B41D708F9A00BFE0FF /* ProgressImageView.swift in Sources */,
				F974738E1D708F9A00BFE0FF /* WBPicCollectionView.swift in Sources */,
				F974739F1D708F9A00BFE0FF /* UIBarButtonItem+Extension.swift in Sources */,
				F97473991D708F9A00BFE0FF /* OAuthViewController.swift in Sources */,
				F95FBD201D57775C00751407 /* ViewController+SnapKit.swift in Sources */,
				F97473981D708F9A00BFE0FF /* WelcomeViewController.swift in Sources */,
				F97473B01D708F9A00BFE0FF /* ToolView.swift in Sources */,
				F97473811D708F9A00BFE0FF /* BrowserPhotoCell.swift in Sources */,
				F974738F1D708F9A00BFE0FF /* BaseTableViewController.swift in Sources */,
				F97473871D708F9A00BFE0FF /* WBStatus.swift in Sources */,
				F9E610681D73D7CE00F4133A /* ALAssentModel.swift in Sources */,
				F97473A01D708F9A00BFE0FF /* UIButton+Extension.swift in Sources */,
				F97473B51D708F9A00BFE0FF /* ProgressView.swift in Sources */,
				F9E6106A1D73D7CE00F4133A /* PhotoViewController.swift in Sources */,
				F95FBD1C1D57775C00751407 /* EdgeInsets.swift in Sources */,
				F9E610691D73D7CE00F4133A /* PhotoLibraryCell.swift in Sources */,
				F95FBD181D57775C00751407 /* ConstraintItem.swift in Sources */,
				F9E6106E1D73D7CE00F4133A /* PreviewCollectionCell.swift in Sources */,
				F97473AD1D708F9A00BFE0FF /* KeyboardController.swift in Sources */,
				F95FBD191D57775C00751407 /* ConstraintMaker.swift in Sources */,
				F9EA2C741D7405BC00D9AAEF /* SelectedPhotoCell.swift in Sources */,
				F97473901D708F9A00BFE0FF /* MainViewController.swift in Sources */,
				F95FBD1E1D57775C00751407 /* SnapKit.swift in Sources */,
				F97473881D708F9A00BFE0FF /* WBUser.swift in Sources */,
				F97473941D708F9A00BFE0FF /* VisitorView.swift in Sources */,
				F974738D1D708F9A00BFE0FF /* ZCJRefreshControl.swift in Sources */,
				F95FBD1A1D57775C00751407 /* ConstraintRelation.swift in Sources */,
				F95FBD161D57775C00751407 /* ConstraintAttributes.swift in Sources */,
				F95FBD1B1D57775C00751407 /* Debugging.swift in Sources */,
				F97473931D708F9A00BFE0FF /* NullViewController.swift in Sources */,
				F97473AC1D708F9A00BFE0FF /* EmoticonTextAttachment.swift in Sources */,
				F97473961D708F9A00BFE0FF /* MessageTableViewController.swift in Sources */,
				F97473851D708F9A00BFE0FF /* StatusListModel.swift in Sources */,
				F97473861D708F9A00BFE0FF /* StatusViewModel.swift in Sources */,
				F97473B31D708F9A00BFE0FF /* NetworkTools.swift in Sources */,
				F97473B81D708FB500BFE0FF /* R.generated.swift in Sources */,
				F97473B21D708F9A00BFE0FF /* UITextView+Extension.swift in Sources */,
				F95FBD171D57775C00751407 /* ConstraintDescription.swift in Sources */,
				F974737F1D708F9A00BFE0FF /* DiscoverTableViewController.swift in Sources */,
				F974738C1D708F9A00BFE0FF /* PopoverView.swift in Sources */,
				F974737E1D708F9A00BFE0FF /* ComposeViewController.swift in Sources */,
				F97473AE1D708F9A00BFE0FF /* KeyboardEmotionCell.swift in Sources */,
				F974738A1D708F9A00BFE0FF /* QRCodeCreateViewController.swift in Sources */,
				F974739E1D708F9A00BFE0FF /* String+Extension.swift in Sources */,
				F97473B61D708F9A00BFE0FF /* TitleButton.swift in Sources */,
				F9E6106F1D73D7CE00F4133A /* PreviewViewController.swift in Sources */,
				F97473AF1D708F9A00BFE0FF /* KeyboardModel.swift in Sources */,
			);
			runOnlyForDeploymentPostprocessing = 0;
		};
		F9FEDB351D51F0C4000D1A37 /* Sources */ = {
			isa = PBXSourcesBuildPhase;
			buildActionMask = 2147483647;
			files = (
				F9FEDB3E1D51F0C4000D1A37 /* ZCJWBTests.swift in Sources */,
			);
			runOnlyForDeploymentPostprocessing = 0;
		};
		F9FEDB401D51F0C4000D1A37 /* Sources */ = {
			isa = PBXSourcesBuildPhase;
			buildActionMask = 2147483647;
			files = (
				F9FEDB491D51F0C4000D1A37 /* ZCJWBUITests.swift in Sources */,
			);
			runOnlyForDeploymentPostprocessing = 0;
		};
/* End PBXSourcesBuildPhase section */

/* Begin PBXTargetDependency section */
		F9FEDB3B1D51F0C4000D1A37 /* PBXTargetDependency */ = {
			isa = PBXTargetDependency;
			target = F9FEDB241D51F0C4000D1A37 /* ZCJWB */;
			targetProxy = F9FEDB3A1D51F0C4000D1A37 /* PBXContainerItemProxy */;
		};
		F9FEDB461D51F0C4000D1A37 /* PBXTargetDependency */ = {
			isa = PBXTargetDependency;
			target = F9FEDB241D51F0C4000D1A37 /* ZCJWB */;
			targetProxy = F9FEDB451D51F0C4000D1A37 /* PBXContainerItemProxy */;
		};
/* End PBXTargetDependency section */

/* Begin XCBuildConfiguration section */
		F9FEDB4B1D51F0C4000D1A37 /* Debug */ = {
			isa = XCBuildConfiguration;
			buildSettings = {
				ALWAYS_SEARCH_USER_PATHS = NO;
				CLANG_CXX_LANGUAGE_STANDARD = "gnu++0x";
				CLANG_CXX_LIBRARY = "libc++";
				CLANG_ENABLE_MODULES = YES;
				CLANG_ENABLE_OBJC_ARC = YES;
				CLANG_WARN_BOOL_CONVERSION = YES;
				CLANG_WARN_CONSTANT_CONVERSION = YES;
				CLANG_WARN_DIRECT_OBJC_ISA_USAGE = YES_ERROR;
				CLANG_WARN_EMPTY_BODY = YES;
				CLANG_WARN_ENUM_CONVERSION = YES;
				CLANG_WARN_INT_CONVERSION = YES;
				CLANG_WARN_OBJC_ROOT_CLASS = YES_ERROR;
				CLANG_WARN_UNREACHABLE_CODE = YES;
				CLANG_WARN__DUPLICATE_METHOD_MATCH = YES;
				"CODE_SIGN_IDENTITY[sdk=iphoneos*]" = "iPhone Developer";
				COPY_PHASE_STRIP = NO;
				DEBUG_INFORMATION_FORMAT = dwarf;
				ENABLE_STRICT_OBJC_MSGSEND = YES;
				ENABLE_TESTABILITY = YES;
				GCC_C_LANGUAGE_STANDARD = gnu99;
				GCC_DYNAMIC_NO_PIC = NO;
				GCC_NO_COMMON_BLOCKS = YES;
				GCC_OPTIMIZATION_LEVEL = 0;
				GCC_PREPROCESSOR_DEFINITIONS = (
					"DEBUG=1",
					"$(inherited)",
				);
				GCC_WARN_64_TO_32_BIT_CONVERSION = YES;
				GCC_WARN_ABOUT_RETURN_TYPE = YES_ERROR;
				GCC_WARN_UNDECLARED_SELECTOR = YES;
				GCC_WARN_UNINITIALIZED_AUTOS = YES_AGGRESSIVE;
				GCC_WARN_UNUSED_FUNCTION = YES;
				GCC_WARN_UNUSED_VARIABLE = YES;
				IPHONEOS_DEPLOYMENT_TARGET = 7.0;
				MTL_ENABLE_DEBUG_INFO = YES;
				ONLY_ACTIVE_ARCH = YES;
				SDKROOT = iphoneos;
				SWIFT_OPTIMIZATION_LEVEL = "-Onone";
			};
			name = Debug;
		};
		F9FEDB4C1D51F0C4000D1A37 /* Release */ = {
			isa = XCBuildConfiguration;
			buildSettings = {
				ALWAYS_SEARCH_USER_PATHS = NO;
				CLANG_CXX_LANGUAGE_STANDARD = "gnu++0x";
				CLANG_CXX_LIBRARY = "libc++";
				CLANG_ENABLE_MODULES = YES;
				CLANG_ENABLE_OBJC_ARC = YES;
				CLANG_WARN_BOOL_CONVERSION = YES;
				CLANG_WARN_CONSTANT_CONVERSION = YES;
				CLANG_WARN_DIRECT_OBJC_ISA_USAGE = YES_ERROR;
				CLANG_WARN_EMPTY_BODY = YES;
				CLANG_WARN_ENUM_CONVERSION = YES;
				CLANG_WARN_INT_CONVERSION = YES;
				CLANG_WARN_OBJC_ROOT_CLASS = YES_ERROR;
				CLANG_WARN_UNREACHABLE_CODE = YES;
				CLANG_WARN__DUPLICATE_METHOD_MATCH = YES;
				"CODE_SIGN_IDENTITY[sdk=iphoneos*]" = "iPhone Developer";
				COPY_PHASE_STRIP = NO;
				DEBUG_INFORMATION_FORMAT = "dwarf-with-dsym";
				ENABLE_NS_ASSERTIONS = NO;
				ENABLE_STRICT_OBJC_MSGSEND = YES;
				GCC_C_LANGUAGE_STANDARD = gnu99;
				GCC_NO_COMMON_BLOCKS = YES;
				GCC_WARN_64_TO_32_BIT_CONVERSION = YES;
				GCC_WARN_ABOUT_RETURN_TYPE = YES_ERROR;
				GCC_WARN_UNDECLARED_SELECTOR = YES;
				GCC_WARN_UNINITIALIZED_AUTOS = YES_AGGRESSIVE;
				GCC_WARN_UNUSED_FUNCTION = YES;
				GCC_WARN_UNUSED_VARIABLE = YES;
				IPHONEOS_DEPLOYMENT_TARGET = 7.0;
				MTL_ENABLE_DEBUG_INFO = NO;
				SDKROOT = iphoneos;
				VALIDATE_PRODUCT = YES;
			};
			name = Release;
		};
		F9FEDB4E1D51F0C4000D1A37 /* Debug */ = {
			isa = XCBuildConfiguration;
			baseConfigurationReference = E76F3FDA8F122FDE366340BA /* Pods-ZCJWB.debug.xcconfig */;
			buildSettings = {
				ASSETCATALOG_COMPILER_APPICON_NAME = AppIcon;
				ASSETCATALOG_COMPILER_LAUNCHIMAGE_NAME = LaunchImage;
				CLANG_ENABLE_MODULES = YES;
				FRAMEWORK_SEARCH_PATHS = (
					"$(inherited)",
					"$(PROJECT_DIR)/build/Debug-iphoneos",
				);
				INFOPLIST_FILE = ZCJWB/Info.plist;
				LD_RUNPATH_SEARCH_PATHS = "$(inherited) @executable_path/Frameworks";
				ONLY_ACTIVE_ARCH = YES;
				OTHER_SWIFT_FLAGS = "-DDEBUG -DSNAPKIT_DEPLOYMENT_LEGACY";
				PRODUCT_BUNDLE_IDENTIFIER = com.zhou.ZCJWB;
				PRODUCT_NAME = "$(TARGET_NAME)";
				SWIFT_OBJC_BRIDGING_HEADER = "ZCJWB/ZCJWB-Bridging-Header.h";
				SWIFT_OPTIMIZATION_LEVEL = "-Onone";
				VALID_ARCHS = "arm64 armv7 armv7s";
			};
			name = Debug;
		};
		F9FEDB4F1D51F0C4000D1A37 /* Release */ = {
			isa = XCBuildConfiguration;
			baseConfigurationReference = 54FA0F80F7822F6226E63412 /* Pods-ZCJWB.release.xcconfig */;
			buildSettings = {
				ASSETCATALOG_COMPILER_APPICON_NAME = AppIcon;
				ASSETCATALOG_COMPILER_LAUNCHIMAGE_NAME = LaunchImage;
				CLANG_ENABLE_MODULES = YES;
				FRAMEWORK_SEARCH_PATHS = (
					"$(inherited)",
					"$(PROJECT_DIR)/build/Debug-iphoneos",
				);
				INFOPLIST_FILE = ZCJWB/Info.plist;
				LD_RUNPATH_SEARCH_PATHS = "$(inherited) @executable_path/Frameworks";
				ONLY_ACTIVE_ARCH = NO;
				OTHER_SWIFT_FLAGS = "-DDEBUG -DSNAPKIT_DEPLOYMENT_LEGACY";
				PRODUCT_BUNDLE_IDENTIFIER = com.zhou.ZCJWB;
				PRODUCT_NAME = "$(TARGET_NAME)";
				SWIFT_OBJC_BRIDGING_HEADER = "ZCJWB/ZCJWB-Bridging-Header.h";
				VALID_ARCHS = "arm64 armv7 armv7s";
			};
			name = Release;
		};
		F9FEDB511D51F0C4000D1A37 /* Debug */ = {
			isa = XCBuildConfiguration;
			buildSettings = {
				BUNDLE_LOADER = "$(TEST_HOST)";
				INFOPLIST_FILE = ZCJWBTests/Info.plist;
				LD_RUNPATH_SEARCH_PATHS = "$(inherited) @executable_path/Frameworks @loader_path/Frameworks";
				PRODUCT_BUNDLE_IDENTIFIER = com.zhou.ZCJWBTests;
				PRODUCT_NAME = "$(TARGET_NAME)";
				TEST_HOST = "$(BUILT_PRODUCTS_DIR)/ZCJWB.app/ZCJWB";
			};
			name = Debug;
		};
		F9FEDB521D51F0C4000D1A37 /* Release */ = {
			isa = XCBuildConfiguration;
			buildSettings = {
				BUNDLE_LOADER = "$(TEST_HOST)";
				INFOPLIST_FILE = ZCJWBTests/Info.plist;
				LD_RUNPATH_SEARCH_PATHS = "$(inherited) @executable_path/Frameworks @loader_path/Frameworks";
				PRODUCT_BUNDLE_IDENTIFIER = com.zhou.ZCJWBTests;
				PRODUCT_NAME = "$(TARGET_NAME)";
				TEST_HOST = "$(BUILT_PRODUCTS_DIR)/ZCJWB.app/ZCJWB";
			};
			name = Release;
		};
		F9FEDB541D51F0C4000D1A37 /* Debug */ = {
			isa = XCBuildConfiguration;
			buildSettings = {
				INFOPLIST_FILE = ZCJWBUITests/Info.plist;
				LD_RUNPATH_SEARCH_PATHS = "$(inherited) @executable_path/Frameworks @loader_path/Frameworks";
				PRODUCT_BUNDLE_IDENTIFIER = com.zhou.ZCJWBUITests;
				PRODUCT_NAME = "$(TARGET_NAME)";
				TEST_TARGET_NAME = ZCJWB;
				USES_XCTRUNNER = YES;
			};
			name = Debug;
		};
		F9FEDB551D51F0C4000D1A37 /* Release */ = {
			isa = XCBuildConfiguration;
			buildSettings = {
				INFOPLIST_FILE = ZCJWBUITests/Info.plist;
				LD_RUNPATH_SEARCH_PATHS = "$(inherited) @executable_path/Frameworks @loader_path/Frameworks";
				PRODUCT_BUNDLE_IDENTIFIER = com.zhou.ZCJWBUITests;
				PRODUCT_NAME = "$(TARGET_NAME)";
				TEST_TARGET_NAME = ZCJWB;
				USES_XCTRUNNER = YES;
			};
			name = Release;
		};
/* End XCBuildConfiguration section */

/* Begin XCConfigurationList section */
		F9FEDB201D51F0C4000D1A37 /* Build configuration list for PBXProject "ZCJWB" */ = {
			isa = XCConfigurationList;
			buildConfigurations = (
				F9FEDB4B1D51F0C4000D1A37 /* Debug */,
				F9FEDB4C1D51F0C4000D1A37 /* Release */,
			);
			defaultConfigurationIsVisible = 0;
			defaultConfigurationName = Debug;
		};
		F9FEDB4D1D51F0C4000D1A37 /* Build configuration list for PBXNativeTarget "ZCJWB" */ = {
			isa = XCConfigurationList;
			buildConfigurations = (
				F9FEDB4E1D51F0C4000D1A37 /* Debug */,
				F9FEDB4F1D51F0C4000D1A37 /* Release */,
			);
			defaultConfigurationIsVisible = 0;
			defaultConfigurationName = Debug;
		};
		F9FEDB501D51F0C4000D1A37 /* Build configuration list for PBXNativeTarget "ZCJWBTests" */ = {
			isa = XCConfigurationList;
			buildConfigurations = (
				F9FEDB511D51F0C4000D1A37 /* Debug */,
				F9FEDB521D51F0C4000D1A37 /* Release */,
			);
			defaultConfigurationIsVisible = 0;
			defaultConfigurationName = Debug;
		};
		F9FEDB531D51F0C4000D1A37 /* Build configuration list for PBXNativeTarget "ZCJWBUITests" */ = {
			isa = XCConfigurationList;
			buildConfigurations = (
				F9FEDB541D51F0C4000D1A37 /* Debug */,
				F9FEDB551D51F0C4000D1A37 /* Release */,
			);
			defaultConfigurationIsVisible = 0;
			defaultConfigurationName = Debug;
		};
/* End XCConfigurationList section */
	};
	rootObject = F9FEDB1D1D51F0C4000D1A37 /* Project object */;
}
